
Microsoft Visual Studio Solution File, Format Version 12.00
# Visual Studio Version 16
VisualStudioVersion = 16.0.32228.343
MinimumVisualStudioVersion = 10.0.40219.1
Project("{FAE04EC0-301F-11D3-BF4B-00C04F79EFBC}") = "ProductoFwkTest", "ProductoFwkTest\ProductoFwkTest.csproj", "{570DC06F-138E-4C80-B10A-C410D3147C96}"
EndProject
Project("{FAE04EC0-301F-11D3-BF4B-00C04F79EFBC}") = "ProductoFwkTest.Entities", "ProductoFwkTest.Entities\ProductoFwkTest.Entities.csproj", "{19DD3B4E-11AA-4344-98DD-80C90BFE271D}"
EndProject
Project("{FAE04EC0-301F-11D3-BF4B-00C04F79EFBC}") = "ProductoFwkTest.Repository", "ProductoFwkTest.Repository\ProductoFwkTest.Repository.csproj", "{576E7B0B-9258-43E8-8349-4C2EED98BAF2}"
EndProject
Project("{FAE04EC0-301F-11D3-BF4B-00C04F79EFBC}") = "ProductoFwkTest.Services", "ProductoFwkTest.Services\ProductoFwkTest.Services.csproj", "{7CA1702C-EC17-4B62-B7B4-685B36EEA185}"
EndProject
Project("{FAE04EC0-301F-11D3-BF4B-00C04F79EFBC}") = "ProductoFwkTest.Shared", "ProductoFwkTest.Shared\ProductoFwkTest.Shared.csproj", "{906CB3B1-C2EC-469F-8294-E9C76DBE5F6A}"
EndProject
Global
	GlobalSection(SolutionConfigurationPlatforms) = preSolution
		Debug|Any CPU = Debug|Any CPU
		Release|Any CPU = Release|Any CPU
	EndGlobalSection
	GlobalSection(ProjectConfigurationPlatforms) = postSolution
		{570DC06F-138E-4C80-B10A-C410D3147C96}.Debug|Any CPU.ActiveCfg = Debug|Any CPU
		{570DC06F-138E-4C80-B10A-C410D3147C96}.Debug|Any CPU.Build.0 = Debug|Any CPU
		{570DC06F-138E-4C80-B10A-C410D3147C96}.Release|Any CPU.ActiveCfg = Release|Any CPU
		{570DC06F-138E-4C80-B10A-C410D3147C96}.Release|Any CPU.Build.0 = Release|Any CPU
		{19DD3B4E-11AA-4344-98DD-80C90BFE271D}.Debug|Any CPU.ActiveCfg = Debug|Any CPU
		{19DD3B4E-11AA-4344-98DD-80C90BFE271D}.Debug|Any CPU.Build.0 = Debug|Any CPU
		{19DD3B4E-11AA-4344-98DD-80C90BFE271D}.Release|Any CPU.ActiveCfg = Release|Any CPU
		{19DD3B4E-11AA-4344-98DD-80C90BFE271D}.Release|Any CPU.Build.0 = Release|Any CPU
		{576E7B0B-9258-43E8-8349-4C2EED98BAF2}.Debug|Any CPU.ActiveCfg = Debug|Any CPU
		{576E7B0B-9258-43E8-8349-4C2EED98BAF2}.Debug|Any CPU.Build.0 = Debug|Any CPU
		{576E7B0B-9258-43E8-8349-4C2EED98BAF2}.Release|Any CPU.ActiveCfg = Release|Any CPU
		{576E7B0B-9258-43E8-8349-4C2EED98BAF2}.Release|Any CPU.Build.0 = Release|Any CPU
		{7CA1702C-EC17-4B62-B7B4-685B36EEA185}.Debug|Any CPU.ActiveCfg = Debug|Any CPU
		{7CA1702C-EC17-4B62-B7B4-685B36EEA185}.Debug|Any CPU.Build.0 = Debug|Any CPU
		{7CA1702C-EC17-4B62-B7B4-685B36EEA185}.Release|Any CPU.ActiveCfg = Release|Any CPU
		{7CA1702C-EC17-4B62-B7B4-685B36EEA185}.Release|Any CPU.Build.0 = Release|Any CPU
		{906CB3B1-C2EC-469F-8294-E9C76DBE5F6A}.Debug|Any CPU.ActiveCfg = Debug|Any CPU
		{906CB3B1-C2EC-469F-8294-E9C76DBE5F6A}.Debug|Any CPU.Build.0 = Debug|Any CPU
		{906CB3B1-C2EC-469F-8294-E9C76DBE5F6A}.Release|Any CPU.ActiveCfg = Release|Any CPU
		{906CB3B1-C2EC-469F-8294-E9C76DBE5F6A}.Release|Any CPU.Build.0 = Release|Any CPU
	EndGlobalSection
	GlobalSection(SolutionProperties) = preSolution
		HideSolutionNode = FALSE
	EndGlobalSection
	GlobalSection(ExtensibilityGlobals) = postSolution
		SolutionGuid = {DE79550F-9401-4889-AB85-63058261DCDD}
	EndGlobalSection
EndGlobal
